
Microsoft Visual Studio Solution File, Format Version 12.00
# Visual Studio Version 17
VisualStudioVersion = 17.2.32616.157
MinimumVisualStudioVersion = 10.0.40219.1
Project("{9A19103F-16F7-4668-BE54-9A1E7A4F7556}") = "ECommerce.ItemService.API", "ECommerce.APIs.ItemAPI\ECommerce.ItemService.API.csproj", "{0653FA3F-33EF-4A82-A423-ADCD57038F67}"
EndProject
Project("{9A19103F-16F7-4668-BE54-9A1E7A4F7556}") = "ECommerce.Web", "ECommerce.Web\ECommerce.Web.csproj", "{DBE42939-3272-4FB2-B645-860BC84CECAE}"
EndProject
Project("{9A19103F-16F7-4668-BE54-9A1E7A4F7556}") = "ECommerce.Services.Identity", "ECommerce.Services.Identity\ECommerce.Services.Identity.csproj", "{0EF13DC5-7FF6-4315-BE87-433642458548}"
EndProject
Project("{9A19103F-16F7-4668-BE54-9A1E7A4F7556}") = "IdentityWebApp", "IdentityWebApp\IdentityWebApp.csproj", "{8D036336-D306-4F14-8A89-FEAA9953258B}"
EndProject
Project("{2150E333-8FDC-42A3-9474-1A3956D46DE8}") = "src", "src", "{C066327B-8A5A-47FD-BE17-45BACF4BD0C1}"
EndProject
Project("{2150E333-8FDC-42A3-9474-1A3956D46DE8}") = "test", "test", "{47BF7567-4C5E-4F7A-9121-2EE8EDB42584}"
EndProject
Project("{2150E333-8FDC-42A3-9474-1A3956D46DE8}") = "ItemUI", "ItemUI", "{7A16BD9C-66B2-475E-9592-BBCA40B1E0A8}"
EndProject
Project("{2150E333-8FDC-42A3-9474-1A3956D46DE8}") = "ItemService", "ItemService", "{268324EF-62E4-410C-A3CE-B2C307A8439B}"
EndProject
Project("{2150E333-8FDC-42A3-9474-1A3956D46DE8}") = "IdentityServer", "IdentityServer", "{C65E1AA6-6A07-4D39-B349-AF9B814B0722}"
EndProject
Project("{2150E333-8FDC-42A3-9474-1A3956D46DE8}") = "IdentityUI", "IdentityUI", "{9A4EB2C4-FA21-4FE1-9F7F-803A898A1CE2}"
EndProject
Project("{FAE04EC0-301F-11D3-BF4B-00C04F79EFBC}") = "ECommerce.ItemService.Domain", "ECommerce.ItemService.Domain\ECommerce.ItemService.Domain.csproj", "{453E11F8-B21C-4774-9EB7-F30DB8383EEA}"
EndProject
Project("{FAE04EC0-301F-11D3-BF4B-00C04F79EFBC}") = "ECommerce.ItemService.Application", "ECommerce.ItemService.Application\ECommerce.ItemService.Application.csproj", "{6387C0D4-99B6-4338-AB61-11E9F8CA6AAD}"
EndProject
Global
	GlobalSection(SolutionConfigurationPlatforms) = preSolution
		Debug|Any CPU = Debug|Any CPU
		Release|Any CPU = Release|Any CPU
	EndGlobalSection
	GlobalSection(ProjectConfigurationPlatforms) = postSolution
		{0653FA3F-33EF-4A82-A423-ADCD57038F67}.Debug|Any CPU.ActiveCfg = Debug|Any CPU
		{0653FA3F-33EF-4A82-A423-ADCD57038F67}.Debug|Any CPU.Build.0 = Debug|Any CPU
		{0653FA3F-33EF-4A82-A423-ADCD57038F67}.Release|Any CPU.ActiveCfg = Release|Any CPU
		{0653FA3F-33EF-4A82-A423-ADCD57038F67}.Release|Any CPU.Build.0 = Release|Any CPU
		{DBE42939-3272-4FB2-B645-860BC84CECAE}.Debug|Any CPU.ActiveCfg = Debug|Any CPU
		{DBE42939-3272-4FB2-B645-860BC84CECAE}.Debug|Any CPU.Build.0 = Debug|Any CPU
		{DBE42939-3272-4FB2-B645-860BC84CECAE}.Release|Any CPU.ActiveCfg = Release|Any CPU
		{DBE42939-3272-4FB2-B645-860BC84CECAE}.Release|Any CPU.Build.0 = Release|Any CPU
		{0EF13DC5-7FF6-4315-BE87-433642458548}.Debug|Any CPU.ActiveCfg = Debug|Any CPU
		{0EF13DC5-7FF6-4315-BE87-433642458548}.Debug|Any CPU.Build.0 = Debug|Any CPU
		{0EF13DC5-7FF6-4315-BE87-433642458548}.Release|Any CPU.ActiveCfg = Release|Any CPU
		{0EF13DC5-7FF6-4315-BE87-433642458548}.Release|Any CPU.Build.0 = Release|Any CPU
		{8D036336-D306-4F14-8A89-FEAA9953258B}.Debug|Any CPU.ActiveCfg = Debug|Any CPU
		{8D036336-D306-4F14-8A89-FEAA9953258B}.Debug|Any CPU.Build.0 = Debug|Any CPU
		{8D036336-D306-4F14-8A89-FEAA9953258B}.Release|Any CPU.ActiveCfg = Release|Any CPU
		{8D036336-D306-4F14-8A89-FEAA9953258B}.Release|Any CPU.Build.0 = Release|Any CPU
		{453E11F8-B21C-4774-9EB7-F30DB8383EEA}.Debug|Any CPU.ActiveCfg = Debug|Any CPU
		{453E11F8-B21C-4774-9EB7-F30DB8383EEA}.Debug|Any CPU.Build.0 = Debug|Any CPU
		{453E11F8-B21C-4774-9EB7-F30DB8383EEA}.Release|Any CPU.ActiveCfg = Release|Any CPU
		{453E11F8-B21C-4774-9EB7-F30DB8383EEA}.Release|Any CPU.Build.0 = Release|Any CPU
		{6387C0D4-99B6-4338-AB61-11E9F8CA6AAD}.Debug|Any CPU.ActiveCfg = Debug|Any CPU
		{6387C0D4-99B6-4338-AB61-11E9F8CA6AAD}.Debug|Any CPU.Build.0 = Debug|Any CPU
		{6387C0D4-99B6-4338-AB61-11E9F8CA6AAD}.Release|Any CPU.ActiveCfg = Release|Any CPU
		{6387C0D4-99B6-4338-AB61-11E9F8CA6AAD}.Release|Any CPU.Build.0 = Release|Any CPU
	EndGlobalSection
	GlobalSection(SolutionProperties) = preSolution
		HideSolutionNode = FALSE
	EndGlobalSection
	GlobalSection(NestedProjects) = preSolution
		{0653FA3F-33EF-4A82-A423-ADCD57038F67} = {268324EF-62E4-410C-A3CE-B2C307A8439B}
		{DBE42939-3272-4FB2-B645-860BC84CECAE} = {7A16BD9C-66B2-475E-9592-BBCA40B1E0A8}
		{0EF13DC5-7FF6-4315-BE87-433642458548} = {C65E1AA6-6A07-4D39-B349-AF9B814B0722}
		{8D036336-D306-4F14-8A89-FEAA9953258B} = {9A4EB2C4-FA21-4FE1-9F7F-803A898A1CE2}
		{7A16BD9C-66B2-475E-9592-BBCA40B1E0A8} = {C066327B-8A5A-47FD-BE17-45BACF4BD0C1}
		{268324EF-62E4-410C-A3CE-B2C307A8439B} = {C066327B-8A5A-47FD-BE17-45BACF4BD0C1}
		{C65E1AA6-6A07-4D39-B349-AF9B814B0722} = {C066327B-8A5A-47FD-BE17-45BACF4BD0C1}
		{9A4EB2C4-FA21-4FE1-9F7F-803A898A1CE2} = {C066327B-8A5A-47FD-BE17-45BACF4BD0C1}
		{453E11F8-B21C-4774-9EB7-F30DB8383EEA} = {268324EF-62E4-410C-A3CE-B2C307A8439B}
		{6387C0D4-99B6-4338-AB61-11E9F8CA6AAD} = {268324EF-62E4-410C-A3CE-B2C307A8439B}
	EndGlobalSection
	GlobalSection(ExtensibilityGlobals) = postSolution
		SolutionGuid = {6D370DE7-D0F4-4678-8A5C-AC306ED55BF4}
	EndGlobalSection
EndGlobal
